
Microsoft Visual Studio Solution File, Format Version 12.00
# Visual Studio Version 17
VisualStudioVersion = 17.8.34525.116
MinimumVisualStudioVersion = 10.0.40219.1
Project("{FAE04EC0-301F-11D3-BF4B-00C04F79EFBC}") = "lr8", "lr8\lr8.csproj", "{14B1AFC1-FFDC-4AAD-BE52-4DDA036ED602}"
EndProject
Global
	GlobalSection(SolutionConfigurationPlatforms) = preSolution
		Debug|Any CPU = Debug|Any CPU
		Release|Any CPU = Release|Any CPU
	EndGlobalSection
	GlobalSection(ProjectConfigurationPlatforms) = postSolution
		{14B1AFC1-FFDC-4AAD-BE52-4DDA036ED602}.Debug|Any CPU.ActiveCfg = Debug|Any CPU
		{14B1AFC1-FFDC-4AAD-BE52-4DDA036ED602}.Debug|Any CPU.Build.0 = Debug|Any CPU
		{14B1AFC1-FFDC-4AAD-BE52-4DDA036ED602}.Release|Any CPU.ActiveCfg = Release|Any CPU
		{14B1AFC1-FFDC-4AAD-BE52-4DDA036ED602}.Release|Any CPU.Build.0 = Release|Any CPU
	EndGlobalSection
	GlobalSection(SolutionProperties) = preSolution
		HideSolutionNode = FALSE
	EndGlobalSection
	GlobalSection(ExtensibilityGlobals) = postSolution
		SolutionGuid = {FB767FCD-28F3-4A0D-8068-ABFEA5D8F848}
	EndGlobalSection
EndGlobal
